{
  "nodes": {
    "emacs-overlay": {
      "inputs": {
        "flake-utils": "flake-utils",
        "nixpkgs": "nixpkgs",
        "nixpkgs-stable": "nixpkgs-stable"
      },
      "locked": {
        "lastModified": 1719303695,
        "narHash": "sha256-SqJTGKtJEzkQdHEUWeMHwQ5vyAg4wE1kRbjTRjzfAUI=",
        "owner": "nix-community",
        "repo": "emacs-overlay",
        "rev": "fd904f28fb1d3d3a3d87db312fac97cb4a146db4",
        "type": "github"
      },
      "original": {
        "owner": "nix-community",
        "repo": "emacs-overlay",
        "type": "github"
      }
    },
    "extra-package-agenix-el": {
      "flake": false,
      "locked": {
        "lastModified": 1717247083,
        "narHash": "sha256-PexGtluh0V8WVTaDJJurt2xAYfTEJPN5L+bUZomfK14=",
        "owner": "t4ccer",
        "repo": "agenix.el",
        "rev": "b9c7ad33b534d80af207949cc06c0bcd1e60fd63",
        "type": "github"
      },
      "original": {
        "owner": "t4ccer",
        "repo": "agenix.el",
        "type": "github"
      }
    },
    "extra-package-combobulate": {
      "flake": false,
      "locked": {
        "lastModified": 1710175386,
        "narHash": "sha256-rww0/6304xZWTFRo1BVcfSDdXOXtlgmfZOxAoOIjYsk=",
        "owner": "mickeynp",
        "repo": "combobulate",
        "rev": "ee82c568ad639605518f62f82fae4bcc0dfdbb81",
        "type": "github"
      },
      "original": {
        "owner": "mickeynp",
        "repo": "combobulate",
        "type": "github"
      }
    },
    "extra-package-copilot": {
      "flake": false,
      "locked": {
        "lastModified": 1714572852,
        "narHash": "sha256-Knp36PtgA73gtYO+W1clQfr570bKCxTFsGW3/iH86A0=",
        "owner": "zerolfx",
        "repo": "copilot.el",
        "rev": "733bff26450255e092c10873580e9abfed8a81b8",
        "type": "github"
      },
      "original": {
        "owner": "zerolfx",
        "repo": "copilot.el",
        "type": "github"
      }
    },
    "extra-package-gptel": {
      "flake": false,
      "locked": {
        "lastModified": 1719293003,
        "narHash": "sha256-2UArv9fvZEMC6lf3HE6c9onXkRroX0HgX5C/kTHM/ls=",
        "owner": "karthink",
        "repo": "gptel",
        "rev": "a834adbcba46197f4a59b0208e48dd3e80f15c46",
        "type": "github"
      },
      "original": {
        "owner": "karthink",
        "repo": "gptel",
        "type": "github"
      }
    },
    "extra-package-indent-bars": {
      "flake": false,
      "locked": {
        "lastModified": 1717788473,
        "narHash": "sha256-gcqFMjgWktfGFKeiW6uwWbBtEM1Om2ezMI7W/ZGUFkE=",
        "owner": "jdtsmith",
        "repo": "indent-bars",
        "rev": "2d1d854ddaa5b0e19b69e73553675c2aaaed1641",
        "type": "github"
      },
      "original": {
        "owner": "jdtsmith",
        "repo": "indent-bars",
        "type": "github"
      }
    },
    "extra-package-meow-tree-sitter": {
      "flake": false,
      "locked": {
        "lastModified": 1719316197,
        "narHash": "sha256-PJotdHWmnBlfQfVSZQAfwxhQfXM/U338wl5QZu/RWMI=",
        "owner": "skissue",
        "repo": "meow-tree-sitter",
        "rev": "8b4e91de05e82fee3535be67d0e9cbd9239b73bb",
        "type": "github"
      },
      "original": {
        "owner": "skissue",
        "repo": "meow-tree-sitter",
        "type": "github"
      }
    },
    "extra-package-nix-ts-mode": {
      "flake": false,
      "locked": {
        "lastModified": 1705596103,
        "narHash": "sha256-jEUmhfLE7cFan4/PF4qBiEOLsjM3Q4iSDTlM+0CYwZg=",
        "owner": "antifuchs",
        "repo": "nix-ts-mode",
        "rev": "0ef4e663add03d026a1804f57ac7d5453a635b15",
        "type": "github"
      },
      "original": {
        "owner": "antifuchs",
        "ref": "improve-indented-string-indentation",
        "repo": "nix-ts-mode",
        "type": "github"
      }
    },
    "extra-package-notmuch-notify": {
      "flake": false,
      "locked": {
        "lastModified": 1615303739,
        "narHash": "sha256-7REFHQ5+cCK7EGIvs2CnoWu9a7WPxX4W6eFql2nNYP8=",
        "owner": "firmart",
        "repo": "notmuch-notify",
        "rev": "c10012e38b0093bc3a304b90a30dd09c81b3eb75",
        "type": "github"
      },
      "original": {
        "owner": "firmart",
        "repo": "notmuch-notify",
        "type": "github"
      }
    },
    "flake-parts": {
      "inputs": {
        "nixpkgs-lib": "nixpkgs-lib"
      },
      "locked": {
        "lastModified": 1717285511,
        "narHash": "sha256-iKzJcpdXih14qYVcZ9QC9XuZYnPc6T8YImb6dX166kw=",
        "owner": "hercules-ci",
        "repo": "flake-parts",
        "rev": "2a55567fcf15b1b1c7ed712a2c6fadaec7412ea8",
        "type": "github"
      },
      "original": {
        "owner": "hercules-ci",
        "repo": "flake-parts",
        "type": "github"
      }
    },
    "flake-parts_2": {
      "inputs": {
        "nixpkgs-lib": [
          "hercules-ci-effects",
          "nixpkgs"
        ]
      },
      "locked": {
        "lastModified": 1712014858,
        "narHash": "sha256-sB4SWl2lX95bExY2gMFG5HIzvva5AVMJd4Igm+GpZNw=",
        "owner": "hercules-ci",
        "repo": "flake-parts",
        "rev": "9126214d0a59633752a136528f5f3b9aa8565b7d",
        "type": "github"
      },
      "original": {
        "id": "flake-parts",
        "type": "indirect"
      }
    },
    "flake-utils": {
      "inputs": {
        "systems": "systems"
      },
      "locked": {
        "lastModified": 1710146030,
        "narHash": "sha256-SZ5L6eA7HJ/nmkzGG7/ISclqe6oZdOZTNoesiInkXPQ=",
        "owner": "numtide",
        "repo": "flake-utils",
        "rev": "b1d9ab70662946ef0850d488da1c9019f3a9752a",
        "type": "github"
      },
      "original": {
        "owner": "numtide",
        "repo": "flake-utils",
        "type": "github"
      }
    },
    "hercules-ci-effects": {
      "inputs": {
        "flake-parts": "flake-parts_2",
        "nixpkgs": "nixpkgs_2"
      },
      "locked": {
        "lastModified": 1719226092,
        "narHash": "sha256-YNkUMcCUCpnULp40g+svYsaH1RbSEj6s4WdZY/SHe38=",
        "owner": "hercules-ci",
        "repo": "hercules-ci-effects",
        "rev": "11e4b8dc112e2f485d7c97e1cee77f9958f498f5",
        "type": "github"
      },
      "original": {
        "owner": "hercules-ci",
        "repo": "hercules-ci-effects",
        "type": "github"
      }
    },
    "nixpkgs": {
      "locked": {
        "lastModified": 1719075281,
        "narHash": "sha256-CyyxvOwFf12I91PBWz43iGT1kjsf5oi6ax7CrvaMyAo=",
        "owner": "NixOS",
        "repo": "nixpkgs",
        "rev": "a71e967ef3694799d0c418c98332f7ff4cc5f6af",
        "type": "github"
      },
      "original": {
        "owner": "NixOS",
        "ref": "nixos-unstable",
        "repo": "nixpkgs",
        "type": "github"
      }
    },
    "nixpkgs-lib": {
      "locked": {
        "lastModified": 1717284937,
        "narHash": "sha256-lIbdfCsf8LMFloheeE6N31+BMIeixqyQWbSr2vk79EQ=",
        "type": "tarball",
        "url": "https://github.com/NixOS/nixpkgs/archive/eb9ceca17df2ea50a250b6b27f7bf6ab0186f198.tar.gz"
      },
      "original": {
        "type": "tarball",
        "url": "https://github.com/NixOS/nixpkgs/archive/eb9ceca17df2ea50a250b6b27f7bf6ab0186f198.tar.gz"
      }
    },
    "nixpkgs-stable": {
      "locked": {
        "lastModified": 1719122173,
        "narHash": "sha256-aEMsNUtqSPwn6l+LIZ/rX++nCgun3E9M3uSZs6Rwb7w=",
        "owner": "NixOS",
        "repo": "nixpkgs",
        "rev": "906320ae02f769d13a646eb3605a9821df0d6ea2",
        "type": "github"
      },
      "original": {
        "owner": "NixOS",
        "ref": "nixos-23.11",
        "repo": "nixpkgs",
        "type": "github"
      }
    },
    "nixpkgs_2": {
      "locked": {
        "lastModified": 1713714899,
        "narHash": "sha256-+z/XjO3QJs5rLE5UOf015gdVauVRQd2vZtsFkaXBq2Y=",
        "owner": "NixOS",
        "repo": "nixpkgs",
        "rev": "6143fc5eeb9c4f00163267708e26191d1e918932",
        "type": "github"
      },
      "original": {
        "owner": "NixOS",
        "ref": "nixos-unstable",
        "repo": "nixpkgs",
        "type": "github"
      }
    },
    "root": {
      "inputs": {
        "emacs-overlay": "emacs-overlay",
        "extra-package-agenix-el": "extra-package-agenix-el",
        "extra-package-combobulate": "extra-package-combobulate",
        "extra-package-copilot": "extra-package-copilot",
        "extra-package-gptel": "extra-package-gptel",
        "extra-package-indent-bars": "extra-package-indent-bars",
        "extra-package-meow-tree-sitter": "extra-package-meow-tree-sitter",
        "extra-package-nix-ts-mode": "extra-package-nix-ts-mode",
        "extra-package-notmuch-notify": "extra-package-notmuch-notify",
        "flake-parts": "flake-parts",
        "hercules-ci-effects": "hercules-ci-effects",
        "nixpkgs": [
          "emacs-overlay",
          "nixpkgs"
        ]
      }
    },
    "systems": {
      "locked": {
        "lastModified": 1681028828,
        "narHash": "sha256-Vy1rq5AaRuLzOxct8nz4T6wlgyUR7zLU309k9mBC768=",
        "owner": "nix-systems",
        "repo": "default",
        "rev": "da67096a3b9bf56a91d16901293e51ba5b49a27e",
        "type": "github"
      },
      "original": {
        "owner": "nix-systems",
        "repo": "default",
        "type": "github"
      }
    }
  },
  "root": "root",
  "version": 7
}
