{
  "nodes": {
    "emacs-overlay": {
      "inputs": {
        "flake-utils": "flake-utils",
        "nixpkgs": "nixpkgs",
        "nixpkgs-stable": "nixpkgs-stable"
      },
      "locked": {
        "lastModified": 1727338837,
        "narHash": "sha256-gYPDeDnGP/ky1CKiRIttv7JhiAPIerjDSypnNXHkJpA=",
        "owner": "nix-community",
        "repo": "emacs-overlay",
        "rev": "ad40c4b881309a5a96029636c35cc42419d55ce7",
        "type": "github"
      },
      "original": {
        "owner": "nix-community",
        "repo": "emacs-overlay",
        "type": "github"
      }
    },
    "extra-package-copilot": {
      "flake": false,
      "locked": {
        "lastModified": 1727256715,
        "narHash": "sha256-02ywlMPku1FIritZjjtxbQW6MmPvSwmRCrudYsUb8bU=",
        "owner": "zerolfx",
        "repo": "copilot.el",
        "rev": "b5878d6a8c741138b5efbf4fe1c594f3fd69dbdd",
        "type": "github"
      },
      "original": {
        "owner": "zerolfx",
        "repo": "copilot.el",
        "type": "github"
      }
    },
    "extra-package-haskell-ts-mode": {
      "flake": false,
      "locked": {
        "lastModified": 1727232042,
        "narHash": "sha256-oADJDABQUt6bjBtkERFLVCW24tsEZmfdj0aMcLeF53M=",
        "ref": "refs/heads/main",
        "rev": "6cf94ac3a191ba46a8b288824ad4ed38c5d4d548",
        "revCount": 103,
        "type": "git",
        "url": "https://codeberg.org/pranshu/haskell-ts-mode.git"
      },
      "original": {
        "type": "git",
        "url": "https://codeberg.org/pranshu/haskell-ts-mode.git"
      }
    },
    "extra-package-indent-bars": {
      "flake": false,
      "locked": {
        "lastModified": 1727286166,
        "narHash": "sha256-SftZcWIp6achcmrr0ZA4bipOQuM8oQ6aFO7oHT4UkX8=",
        "owner": "jdtsmith",
        "repo": "indent-bars",
        "rev": "4327a25b62d2a97e0759cdfb772b93dea49f5347",
        "type": "github"
      },
      "original": {
        "owner": "jdtsmith",
        "repo": "indent-bars",
        "type": "github"
      }
    },
    "extra-package-notmuch-notify": {
      "flake": false,
      "locked": {
        "lastModified": 1615303739,
        "narHash": "sha256-7REFHQ5+cCK7EGIvs2CnoWu9a7WPxX4W6eFql2nNYP8=",
        "owner": "firmart",
        "repo": "notmuch-notify",
        "rev": "c10012e38b0093bc3a304b90a30dd09c81b3eb75",
        "type": "github"
      },
      "original": {
        "owner": "firmart",
        "repo": "notmuch-notify",
        "type": "github"
      }
    },
    "extra-package-typst-ts-mode": {
      "flake": false,
      "locked": {
        "lastModified": 1726752553,
        "narHash": "sha256-clLeOv/QKzJcvpbqOBTvkctxtF+ySPdFKNLMj129UT0=",
        "ref": "refs/heads/main",
        "rev": "2c822465690d094f8004140d4d7c56c81ed76a93",
        "revCount": 215,
        "type": "git",
        "url": "https://codeberg.org/meow_king/typst-ts-mode.git"
      },
      "original": {
        "type": "git",
        "url": "https://codeberg.org/meow_king/typst-ts-mode.git"
      }
    },
    "flake-parts": {
      "inputs": {
        "nixpkgs-lib": "nixpkgs-lib"
      },
      "locked": {
        "lastModified": 1726153070,
        "narHash": "sha256-HO4zgY0ekfwO5bX0QH/3kJ/h4KvUDFZg8YpkNwIbg1U=",
        "owner": "hercules-ci",
        "repo": "flake-parts",
        "rev": "bcef6817a8b2aa20a5a6dbb19b43e63c5bf8619a",
        "type": "github"
      },
      "original": {
        "owner": "hercules-ci",
        "repo": "flake-parts",
        "type": "github"
      }
    },
    "flake-parts_2": {
      "inputs": {
        "nixpkgs-lib": [
          "hercules-ci-effects",
          "nixpkgs"
        ]
      },
      "locked": {
        "lastModified": 1712014858,
        "narHash": "sha256-sB4SWl2lX95bExY2gMFG5HIzvva5AVMJd4Igm+GpZNw=",
        "owner": "hercules-ci",
        "repo": "flake-parts",
        "rev": "9126214d0a59633752a136528f5f3b9aa8565b7d",
        "type": "github"
      },
      "original": {
        "id": "flake-parts",
        "type": "indirect"
      }
    },
    "flake-utils": {
      "inputs": {
        "systems": "systems"
      },
      "locked": {
        "lastModified": 1726560853,
        "narHash": "sha256-X6rJYSESBVr3hBoH0WbKE5KvhPU5bloyZ2L4K60/fPQ=",
        "owner": "numtide",
        "repo": "flake-utils",
        "rev": "c1dfcf08411b08f6b8615f7d8971a2bfa81d5e8a",
        "type": "github"
      },
      "original": {
        "owner": "numtide",
        "repo": "flake-utils",
        "type": "github"
      }
    },
    "hercules-ci-effects": {
      "inputs": {
        "flake-parts": "flake-parts_2",
        "nixpkgs": "nixpkgs_2"
      },
      "locked": {
        "lastModified": 1724947644,
        "narHash": "sha256-MHHrHasTngp7EYQOObHJ1a/IsRF+wodHqOckhH6uZbk=",
        "owner": "hercules-ci",
        "repo": "hercules-ci-effects",
        "rev": "dba4367b9a9d9615456c430a6d6af716f6e84cef",
        "type": "github"
      },
      "original": {
        "owner": "hercules-ci",
        "repo": "hercules-ci-effects",
        "type": "github"
      }
    },
    "nixpkgs": {
      "locked": {
        "lastModified": 1727122398,
        "narHash": "sha256-o8VBeCWHBxGd4kVMceIayf5GApqTavJbTa44Xcg5Rrk=",
        "owner": "NixOS",
        "repo": "nixpkgs",
        "rev": "30439d93eb8b19861ccbe3e581abf97bdc91b093",
        "type": "github"
      },
      "original": {
        "owner": "NixOS",
        "ref": "nixos-unstable",
        "repo": "nixpkgs",
        "type": "github"
      }
    },
    "nixpkgs-lib": {
      "locked": {
        "lastModified": 1725233747,
        "narHash": "sha256-Ss8QWLXdr2JCBPcYChJhz4xJm+h/xjl4G0c0XlP6a74=",
        "type": "tarball",
        "url": "https://github.com/NixOS/nixpkgs/archive/356624c12086a18f2ea2825fed34523d60ccc4e3.tar.gz"
      },
      "original": {
        "type": "tarball",
        "url": "https://github.com/NixOS/nixpkgs/archive/356624c12086a18f2ea2825fed34523d60ccc4e3.tar.gz"
      }
    },
    "nixpkgs-stable": {
      "locked": {
        "lastModified": 1727264057,
        "narHash": "sha256-KQPI8CTTnB9CrJ7LrmLC4VWbKZfljEPBXOFGZFRpxao=",
        "owner": "NixOS",
        "repo": "nixpkgs",
        "rev": "759537f06e6999e141588ff1c9be7f3a5c060106",
        "type": "github"
      },
      "original": {
        "owner": "NixOS",
        "ref": "nixos-24.05",
        "repo": "nixpkgs",
        "type": "github"
      }
    },
    "nixpkgs_2": {
      "locked": {
        "lastModified": 1713714899,
        "narHash": "sha256-+z/XjO3QJs5rLE5UOf015gdVauVRQd2vZtsFkaXBq2Y=",
        "owner": "NixOS",
        "repo": "nixpkgs",
        "rev": "6143fc5eeb9c4f00163267708e26191d1e918932",
        "type": "github"
      },
      "original": {
        "owner": "NixOS",
        "ref": "nixos-unstable",
        "repo": "nixpkgs",
        "type": "github"
      }
    },
    "root": {
      "inputs": {
        "emacs-overlay": "emacs-overlay",
        "extra-package-copilot": "extra-package-copilot",
        "extra-package-haskell-ts-mode": "extra-package-haskell-ts-mode",
        "extra-package-indent-bars": "extra-package-indent-bars",
        "extra-package-notmuch-notify": "extra-package-notmuch-notify",
        "extra-package-typst-ts-mode": "extra-package-typst-ts-mode",
        "flake-parts": "flake-parts",
        "hercules-ci-effects": "hercules-ci-effects",
        "nixpkgs": [
          "emacs-overlay",
          "nixpkgs"
        ]
      }
    },
    "systems": {
      "locked": {
        "lastModified": 1681028828,
        "narHash": "sha256-Vy1rq5AaRuLzOxct8nz4T6wlgyUR7zLU309k9mBC768=",
        "owner": "nix-systems",
        "repo": "default",
        "rev": "da67096a3b9bf56a91d16901293e51ba5b49a27e",
        "type": "github"
      },
      "original": {
        "owner": "nix-systems",
        "repo": "default",
        "type": "github"
      }
    }
  },
  "root": "root",
  "version": 7
}
